{
  "name": "@cyberblast/webserver",
  "version": "0.1.7",
  "lockfileVersion": 1,
  "requires": true,
  "dependencies": {
    "@cyberblast/config": {
      "version": "0.0.5",
      "resolved": "https://registry.npmjs.org/@cyberblast/config/-/config-0.0.5.tgz",
      "integrity": "sha512-x3gaMksxBlYmEedU9Z8Y0IcTE1NYL+Dw4uWipGvIyjKxRgwebXc99C3B50fIM0SkHqsxw/19mABzp8qHNbNKYw=="
    },
    "@cyberblast/logger": {
      "version": "0.0.6",
      "resolved": "https://registry.npmjs.org/@cyberblast/logger/-/logger-0.0.6.tgz",
      "integrity": "sha512-vhiHBLgXaGTvMRiKzlwf8SXWw9NC4FSCR8697kxcR9R/He5dXlO/kdLztEYkJ8l1OaLQ1wGvZ7/5qwNJRrbYEg==",
      "requires": {
        "@cyberblast/config": "0.0.5"
      }
    }
  }
}
