{
  "name": "@cyberblast/webserver",
  "version": "0.1.7",
  "lockfileVersion": 1,
  "requires": true,
  "dependencies": {
    "@cyberblast/config": {
      "version": "0.0.5",
      "resolved": "https://registry.npmjs.org/@cyberblast/config/-/config-0.0.5.tgz",
      "integrity": "sha512-x3gaMksxBlYmEedU9Z8Y0IcTE1NYL+Dw4uWipGvIyjKxRgwebXc99C3B50fIM0SkHqsxw/19mABzp8qHNbNKYw=="
    },
    "@cyberblast/logger": {
      "version": "0.0.7",
      "resolved": "https://registry.npmjs.org/@cyberblast/logger/-/logger-0.0.7.tgz",
      "integrity": "sha512-MZAaDftBWnruRs3SNKXfPEIP3L6bvjVJJqElXvr1xyK9JAVwXgwpbdguPgtzO6xutWhWdk8R1hLryALwaKpjdQ==",
      "requires": {
        "@cyberblast/config": "0.0.7"
      },
      "dependencies": {
        "@cyberblast/config": {
          "version": "0.0.7",
          "resolved": "https://registry.npmjs.org/@cyberblast/config/-/config-0.0.7.tgz",
          "integrity": "sha512-QYLEs0qDh1BoB7d5LUcjt2lqnmvXav8jpfL9Ivx4HYk5DkjPmpZHs4/sff1HIxwsq8sL9pQLZPBqAykDIfgALQ=="
        }
      }
    }
  }
}
