{
  "name": "@cyberblast/webserver",
  "version": "0.1.6",
  "lockfileVersion": 1,
  "requires": true,
  "dependencies": {
    "@cyberblast/config": {
      "version": "0.0.2",
      "resolved": "https://registry.npmjs.org/@cyberblast/config/-/config-0.0.2.tgz",
      "integrity": "sha512-viNDdqCZPlOo71Ia+3BxotCx7fq7S6EA7hkrPxW+UCmmjnXz2A50ANi6SBkw1C2zZIr+f3at76d/ZXU0YFa2lg=="
    },
    "@cyberblast/logger": {
      "version": "0.0.3",
      "resolved": "https://registry.npmjs.org/@cyberblast/logger/-/logger-0.0.3.tgz",
      "integrity": "sha512-SU/OT/EbdWcM9AeKa+iSTQo5HjuOo93khvEBX+lAKG0ut7R3fBxxepm6UxhYS8B2lwhX6GpYz7021IQecxH8pA==",
      "requires": {
        "@cyberblast/config": "0.0.2"
      }
    }
  }
}
